
Microsoft Visual Studio Solution File, Format Version 12.00
# Visual Studio Version 17
VisualStudioVersion = 17.5.33502.453
MinimumVisualStudioVersion = 10.0.40219.1
Project("{FAE04EC0-301F-11D3-BF4B-00C04F79EFBC}") = "csharp-typesystem-snacks", "csharp-typesystem-snacks\csharp-typesystem-snacks.csproj", "{08B31427-1A2C-4D47-A731-1A77294F239F}"
EndProject
Global
	GlobalSection(SolutionConfigurationPlatforms) = preSolution
		Debug|Any CPU = Debug|Any CPU
		Release|Any CPU = Release|Any CPU
	EndGlobalSection
	GlobalSection(ProjectConfigurationPlatforms) = postSolution
		{08B31427-1A2C-4D47-A731-1A77294F239F}.Debug|Any CPU.ActiveCfg = Debug|Any CPU
		{08B31427-1A2C-4D47-A731-1A77294F239F}.Debug|Any CPU.Build.0 = Debug|Any CPU
		{08B31427-1A2C-4D47-A731-1A77294F239F}.Release|Any CPU.ActiveCfg = Release|Any CPU
		{08B31427-1A2C-4D47-A731-1A77294F239F}.Release|Any CPU.Build.0 = Release|Any CPU
	EndGlobalSection
	GlobalSection(SolutionProperties) = preSolution
		HideSolutionNode = FALSE
	EndGlobalSection
	GlobalSection(ExtensibilityGlobals) = postSolution
		SolutionGuid = {F828C23B-C183-4783-B7BF-D4FFBE063954}
	EndGlobalSection
EndGlobal
